{
  "version": 4,
  "terraform_version": "0.14.0",
  "serial": 10,
  "lineage": "bc7cd37e-607f-54ba-94ec-4248fd72c7dd",
  "outputs": {},
  "resources": [
    {
      "mode": "managed",
      "type": "aws_iam_group",
      "name": "devops_group",
      "provider": "provider[\"registry.terraform.io/hashicorp/aws\"]",
      "instances": [
        {
          "schema_version": 0,
          "attributes": {
            "arn": "arn:aws:iam::844556818888:group/devops",
            "id": "devops",
            "name": "devops",
            "path": "/",
            "unique_id": "AGPA4JI4CLHEHTRSO3IO4"
          },
          "sensitive_attributes": [],
          "private": "bnVsbA=="
        }
      ]
    },
    {
      "mode": "managed",
      "type": "aws_iam_group_membership",
      "name": "devops",
      "provider": "provider[\"registry.terraform.io/hashicorp/aws\"]",
      "instances": [
        {
          "schema_version": 0,
          "attributes": {
            "group": "devops",
            "id": "devops",
            "name": "devops",
            "users": [
              "gildong.hong"
            ]
          },
          "sensitive_attributes": [],
          "private": "bnVsbA==",
          "dependencies": [
            "aws_iam_group.devops_group",
            "aws_iam_user.gildong_hong"
          ]
        }
      ]
    },
    {
      "mode": "managed",
      "type": "aws_iam_instance_profile",
      "name": "hello",
      "provider": "provider[\"registry.terraform.io/hashicorp/aws\"]",
      "instances": [
        {
          "schema_version": 0,
          "attributes": {
            "arn": "arn:aws:iam::844556818888:instance-profile/hello-profile",
            "create_date": "2020-12-29T13:58:18Z",
            "id": "hello-profile",
            "name": "hello-profile",
            "name_prefix": null,
            "path": "/",
            "role": "hello-iam-role",
            "unique_id": "AIPA4JI4CLHEFVVUG7BEH"
          },
          "sensitive_attributes": [],
          "private": "bnVsbA==",
          "dependencies": [
            "aws_iam_role.hello"
          ]
        }
      ]
    },
    {
      "mode": "managed",
      "type": "aws_iam_role",
      "name": "hello",
      "provider": "provider[\"registry.terraform.io/hashicorp/aws\"]",
      "instances": [
        {
          "schema_version": 0,
          "attributes": {
            "arn": "arn:aws:iam::844556818888:role/hello-iam-role",
            "assume_role_policy": "{\"Version\":\"2012-10-17\",\"Statement\":[{\"Sid\":\"\",\"Effect\":\"Allow\",\"Principal\":{\"Service\":\"ec2.amazonaws.com\"},\"Action\":\"sts:AssumeRole\"}]}",
            "create_date": "2020-12-29T13:51:08Z",
            "description": "",
            "force_detach_policies": false,
            "id": "hello-iam-role",
            "max_session_duration": 3600,
            "name": "hello-iam-role",
            "name_prefix": null,
            "path": "/",
            "permissions_boundary": null,
            "tags": {},
            "unique_id": "AROA4JI4CLHEEYJGI3Q4W"
          },
          "sensitive_attributes": [],
          "private": "bnVsbA=="
        }
      ]
    },
    {
      "mode": "managed",
      "type": "aws_iam_role_policy",
      "name": "hello_s3",
      "provider": "provider[\"registry.terraform.io/hashicorp/aws\"]",
      "instances": [
        {
          "schema_version": 0,
          "attributes": {
            "id": "hello-iam-role:hello-s3-download",
            "name": "hello-s3-download",
            "name_prefix": null,
            "policy": "{\n  \"Statement\": [\n    {\n      \"Sid\": \"AllowAppArtifactsReadAccess\",\n      \"Action\": [\n        \"s3:*\"\n      ],\n      \"Resource\": [\n        \"*\"\n      ],\n      \"Effect\": \"Allow\"\n    }\n  ]\n}\n",
            "role": "hello-iam-role"
          },
          "sensitive_attributes": [],
          "private": "bnVsbA==",
          "dependencies": [
            "aws_iam_role.hello"
          ]
        }
      ]
    },
    {
      "mode": "managed",
      "type": "aws_iam_user",
      "name": "gildong_hong",
      "provider": "provider[\"registry.terraform.io/hashicorp/aws\"]",
      "instances": [
        {
          "schema_version": 0,
          "attributes": {
            "arn": "arn:aws:iam::844556818888:user/gildong.hong",
            "force_destroy": false,
            "id": "gildong.hong",
            "name": "gildong.hong",
            "path": "/",
            "permissions_boundary": null,
            "tags": {},
            "unique_id": "AIDA4JI4CLHECCQ7QGC2V"
          },
          "sensitive_attributes": [],
          "private": "bnVsbA=="
        }
      ]
    }
  ]
}
